
Microsoft Visual Studio Solution File, Format Version 12.00
# Visual Studio Version 17
VisualStudioVersion = 17.2.32526.322
MinimumVisualStudioVersion = 10.0.40219.1
Project("{9A19103F-16F7-4668-BE54-9A1E7A4F7556}") = "CidadeAltaProject", "CidadeAltaProject\CidadeAltaProject.csproj", "{D5C9BA7F-F11F-483A-B999-39021198DA24}"
EndProject
Project("{FAE04EC0-301F-11D3-BF4B-00C04F79EFBC}") = "WpfApp1", "WpfApp1\WpfApp1.csproj", "{8FB91E5D-7A07-4035-A88C-2FA1ACFF4A15}"
EndProject
Global
	GlobalSection(SolutionConfigurationPlatforms) = preSolution
		Debug|Any CPU = Debug|Any CPU
		Release|Any CPU = Release|Any CPU
	EndGlobalSection
	GlobalSection(ProjectConfigurationPlatforms) = postSolution
		{D5C9BA7F-F11F-483A-B999-39021198DA24}.Debug|Any CPU.ActiveCfg = Debug|Any CPU
		{D5C9BA7F-F11F-483A-B999-39021198DA24}.Debug|Any CPU.Build.0 = Debug|Any CPU
		{D5C9BA7F-F11F-483A-B999-39021198DA24}.Release|Any CPU.ActiveCfg = Release|Any CPU
		{D5C9BA7F-F11F-483A-B999-39021198DA24}.Release|Any CPU.Build.0 = Release|Any CPU
		{8FB91E5D-7A07-4035-A88C-2FA1ACFF4A15}.Debug|Any CPU.ActiveCfg = Debug|Any CPU
		{8FB91E5D-7A07-4035-A88C-2FA1ACFF4A15}.Debug|Any CPU.Build.0 = Debug|Any CPU
		{8FB91E5D-7A07-4035-A88C-2FA1ACFF4A15}.Release|Any CPU.ActiveCfg = Release|Any CPU
		{8FB91E5D-7A07-4035-A88C-2FA1ACFF4A15}.Release|Any CPU.Build.0 = Release|Any CPU
	EndGlobalSection
	GlobalSection(SolutionProperties) = preSolution
		HideSolutionNode = FALSE
	EndGlobalSection
	GlobalSection(ExtensibilityGlobals) = postSolution
		SolutionGuid = {F93EBFDD-BF92-4B12-8AC6-9B7842E1D139}
	EndGlobalSection
EndGlobal
